
Microsoft Visual Studio Solution File, Format Version 12.00
# Visual Studio 14
VisualStudioVersion = 14.0.25420.1
MinimumVisualStudioVersion = 10.0.40219.1
Project("{8BC9CEB8-8B4A-11D0-8D11-00A0C91BC942}") = "Game", "Projects\Game\Game.vcxproj", "{567E296A-CAFD-40D9-B113-F8E409D7F11E}"
	ProjectSection(ProjectDependencies) = postProject
		{7CE5E659-9345-4F7C-8F26-3BDBD99BCE6A} = {7CE5E659-9345-4F7C-8F26-3BDBD99BCE6A}
	EndProjectSection
EndProject
Project("{8BC9CEB8-8B4A-11D0-8D11-00A0C91BC942}") = "Engine", "Projects\Engine\Engine.vcxproj", "{7CE5E659-9345-4F7C-8F26-3BDBD99BCE6A}"
EndProject
Project("{8BC9CEB8-8B4A-11D0-8D11-00A0C91BC942}") = "Math", "Projects\Math\Math.vcxproj", "{A64E9634-2D18-4D76-9CEC-52EDD1BC78B1}"
EndProject
Project("{8BC9CEB8-8B4A-11D0-8D11-00A0C91BC942}") = "Physics", "Projects\Physics\Physics.vcxproj", "{2DDA889D-FD73-48D4-B7E3-AC750FF98D8D}"
EndProject
Global
	GlobalSection(SolutionConfigurationPlatforms) = preSolution
		Debug|x64 = Debug|x64
		Debug|x86 = Debug|x86
		Release|x64 = Release|x64
		Release|x86 = Release|x86
	EndGlobalSection
	GlobalSection(ProjectConfigurationPlatforms) = postSolution
		{567E296A-CAFD-40D9-B113-F8E409D7F11E}.Debug|x64.ActiveCfg = Debug|x64
		{567E296A-CAFD-40D9-B113-F8E409D7F11E}.Debug|x64.Build.0 = Debug|x64
		{567E296A-CAFD-40D9-B113-F8E409D7F11E}.Debug|x86.ActiveCfg = Debug|Win32
		{567E296A-CAFD-40D9-B113-F8E409D7F11E}.Debug|x86.Build.0 = Debug|Win32
		{567E296A-CAFD-40D9-B113-F8E409D7F11E}.Release|x64.ActiveCfg = Release|x64
		{567E296A-CAFD-40D9-B113-F8E409D7F11E}.Release|x64.Build.0 = Release|x64
		{567E296A-CAFD-40D9-B113-F8E409D7F11E}.Release|x86.ActiveCfg = Release|Win32
		{567E296A-CAFD-40D9-B113-F8E409D7F11E}.Release|x86.Build.0 = Release|Win32
		{7CE5E659-9345-4F7C-8F26-3BDBD99BCE6A}.Debug|x64.ActiveCfg = Debug|x64
		{7CE5E659-9345-4F7C-8F26-3BDBD99BCE6A}.Debug|x64.Build.0 = Debug|x64
		{7CE5E659-9345-4F7C-8F26-3BDBD99BCE6A}.Debug|x86.ActiveCfg = Debug|Win32
		{7CE5E659-9345-4F7C-8F26-3BDBD99BCE6A}.Debug|x86.Build.0 = Debug|Win32
		{7CE5E659-9345-4F7C-8F26-3BDBD99BCE6A}.Release|x64.ActiveCfg = Release|x64
		{7CE5E659-9345-4F7C-8F26-3BDBD99BCE6A}.Release|x64.Build.0 = Release|x64
		{7CE5E659-9345-4F7C-8F26-3BDBD99BCE6A}.Release|x86.ActiveCfg = Release|Win32
		{7CE5E659-9345-4F7C-8F26-3BDBD99BCE6A}.Release|x86.Build.0 = Release|Win32
		{A64E9634-2D18-4D76-9CEC-52EDD1BC78B1}.Debug|x64.ActiveCfg = Debug|x64
		{A64E9634-2D18-4D76-9CEC-52EDD1BC78B1}.Debug|x64.Build.0 = Debug|x64
		{A64E9634-2D18-4D76-9CEC-52EDD1BC78B1}.Debug|x86.ActiveCfg = Debug|Win32
		{A64E9634-2D18-4D76-9CEC-52EDD1BC78B1}.Debug|x86.Build.0 = Debug|Win32
		{A64E9634-2D18-4D76-9CEC-52EDD1BC78B1}.Release|x64.ActiveCfg = Release|x64
		{A64E9634-2D18-4D76-9CEC-52EDD1BC78B1}.Release|x64.Build.0 = Release|x64
		{A64E9634-2D18-4D76-9CEC-52EDD1BC78B1}.Release|x86.ActiveCfg = Release|Win32
		{A64E9634-2D18-4D76-9CEC-52EDD1BC78B1}.Release|x86.Build.0 = Release|Win32
		{2DDA889D-FD73-48D4-B7E3-AC750FF98D8D}.Debug|x64.ActiveCfg = Debug|x64
		{2DDA889D-FD73-48D4-B7E3-AC750FF98D8D}.Debug|x64.Build.0 = Debug|x64
		{2DDA889D-FD73-48D4-B7E3-AC750FF98D8D}.Debug|x86.ActiveCfg = Debug|Win32
		{2DDA889D-FD73-48D4-B7E3-AC750FF98D8D}.Debug|x86.Build.0 = Debug|Win32
		{2DDA889D-FD73-48D4-B7E3-AC750FF98D8D}.Release|x64.ActiveCfg = Release|x64
		{2DDA889D-FD73-48D4-B7E3-AC750FF98D8D}.Release|x64.Build.0 = Release|x64
		{2DDA889D-FD73-48D4-B7E3-AC750FF98D8D}.Release|x86.ActiveCfg = Release|Win32
		{2DDA889D-FD73-48D4-B7E3-AC750FF98D8D}.Release|x86.Build.0 = Release|Win32
	EndGlobalSection
	GlobalSection(SolutionProperties) = preSolution
		HideSolutionNode = FALSE
	EndGlobalSection
EndGlobal
