<?xml version="1.0" encoding="utf-8"?>
<Project ToolsVersion="4.0" xmlns="http://schemas.microsoft.com/developer/msbuild/2003">
  <ItemGroup>
    <Filter Include="Source">
      <UniqueIdentifier>{4FC737F1-C7A5-4376-A066-2A32D752A2FF}</UniqueIdentifier>
      <Extensions>cpp;c;cc;cxx;def;odl;idl;hpj;bat;asm;asmx</Extensions>
    </Filter>
    <Filter Include="Source\Vector">
      <UniqueIdentifier>{f9f5d94f-08d6-43bc-8e21-e593a3038a2f}</UniqueIdentifier>
    </Filter>
    <Filter Include="Source\Matrix">
      <UniqueIdentifier>{08897fbd-93ac-416f-b82a-bb531b88e088}</UniqueIdentifier>
    </Filter>
  </ItemGroup>
  <ItemGroup>
    <ClInclude Include="Source\Vector2f.h">
      <Filter>Source\Vector</Filter>
    </ClInclude>
    <ClInclude Include="Source\MathUtil.h">
      <Filter>Source</Filter>
    </ClInclude>
    <ClInclude Include="Source\BasicTypes.h">
      <Filter>Source</Filter>
    </ClInclude>
    <ClInclude Include="Source\Vector3f.h">
      <Filter>Source\Vector</Filter>
    </ClInclude>
    <ClInclude Include="Source\Vector4f.h">
      <Filter>Source\Vector</Filter>
    </ClInclude>
  </ItemGroup>
  <ItemGroup>
    <ClCompile Include="Source\Vector2f.cpp">
      <Filter>Source\Vector</Filter>
    </ClCompile>
    <ClCompile Include="Source\Vector3f.cpp">
      <Filter>Source\Vector</Filter>
    </ClCompile>
    <ClCompile Include="Source\Vector4f.cpp">
      <Filter>Source\Vector</Filter>
    </ClCompile>
  </ItemGroup>
</Project>