<?xml version="1.0" encoding="utf-8"?>
<Project ToolsVersion="4.0" xmlns="http://schemas.microsoft.com/developer/msbuild/2003">
  <ItemGroup>
    <Filter Include="Source">
      <UniqueIdentifier>{4FC737F1-C7A5-4376-A066-2A32D752A2FF}</UniqueIdentifier>
      <Extensions>cpp;c;cc;cxx;def;odl;idl;hpj;bat;asm;asmx</Extensions>
    </Filter>
    <Filter Include="Source\Common">
      <UniqueIdentifier>{39f63bd3-9819-48df-b0ad-f7c9891cc9c3}</UniqueIdentifier>
    </Filter>
    <Filter Include="Source\Util">
      <UniqueIdentifier>{6d54a72c-daaf-4a75-950f-c62455135a89}</UniqueIdentifier>
    </Filter>
    <Filter Include="Source\Engine">
      <UniqueIdentifier>{52dfcb81-8464-4b10-9b50-0c19ef4a55aa}</UniqueIdentifier>
    </Filter>
    <Filter Include="Source\Engine\Time">
      <UniqueIdentifier>{6f3199ca-0db4-4949-81e4-f268c81a7619}</UniqueIdentifier>
    </Filter>
    <Filter Include="Source\Engine\Render">
      <UniqueIdentifier>{c585d49f-a2ef-4985-b042-4589b45e3245}</UniqueIdentifier>
    </Filter>
    <Filter Include="Source\Engine\Window">
      <UniqueIdentifier>{b1cdad50-3285-4f48-9b24-aaa7b08a14dd}</UniqueIdentifier>
    </Filter>
    <Filter Include="Source\Engine\Input">
      <UniqueIdentifier>{3882c1e6-1fb8-49b8-bc25-1fac6de6c815}</UniqueIdentifier>
    </Filter>
    <Filter Include="Source\Resources">
      <UniqueIdentifier>{8c584fab-7697-4544-afb7-aaf626db9d53}</UniqueIdentifier>
    </Filter>
    <Filter Include="Source\Resources\Materials">
      <UniqueIdentifier>{ea7fcfb7-ad1f-42c7-a1ba-bc859d973f38}</UniqueIdentifier>
    </Filter>
    <Filter Include="Source\Resources\Mesh">
      <UniqueIdentifier>{9029bcb6-45ef-4a3d-bbfb-22209fb0080f}</UniqueIdentifier>
    </Filter>
    <Filter Include="Source\Resources\Manager">
      <UniqueIdentifier>{397bc825-2b17-4f03-b169-62dc5f8c6014}</UniqueIdentifier>
    </Filter>
    <Filter Include="Source\Scenes">
      <UniqueIdentifier>{58461698-bd53-497d-8c84-77f276896767}</UniqueIdentifier>
    </Filter>
    <Filter Include="Source\Scenes\Nodes">
      <UniqueIdentifier>{ce7af95c-e610-4c2c-b61a-3b4dcf8d7ad5}</UniqueIdentifier>
    </Filter>
    <Filter Include="Source\Scenes\Components">
      <UniqueIdentifier>{dda57daa-1736-4111-bb2b-fdf6af53b405}</UniqueIdentifier>
    </Filter>
    <Filter Include="Source\Scenes\Manager">
      <UniqueIdentifier>{c491d7ca-8fa1-45bc-a4ce-f344e2661e72}</UniqueIdentifier>
    </Filter>
    <Filter Include="Source\Scenes\Nodes\Lights">
      <UniqueIdentifier>{7d0b0788-af38-47aa-b491-e6a16c57a7b9}</UniqueIdentifier>
    </Filter>
    <Filter Include="Source\Resources\Util">
      <UniqueIdentifier>{ad0d0e63-79fd-4f01-8a1e-3a6e8077d3a4}</UniqueIdentifier>
    </Filter>
    <Filter Include="Source\Resources\Textures">
      <UniqueIdentifier>{a739b88d-e72a-4dd9-8597-103d0bd32bb6}</UniqueIdentifier>
    </Filter>
  </ItemGroup>
  <ItemGroup>
    <ClInclude Include="Source\Platform.h">
      <Filter>Source</Filter>
    </ClInclude>
    <ClInclude Include="Source\Random.h">
      <Filter>Source\Common</Filter>
    </ClInclude>
    <ClInclude Include="Source\Flag.h">
      <Filter>Source\Common</Filter>
    </ClInclude>
    <ClInclude Include="Source\Console.h">
      <Filter>Source\Util</Filter>
    </ClInclude>
    <ClInclude Include="Source\Window.h">
      <Filter>Source\Engine\Window</Filter>
    </ClInclude>
    <ClInclude Include="Source\Graphics.h">
      <Filter>Source\Engine\Render</Filter>
    </ClInclude>
    <ClInclude Include="Source\Input.h">
      <Filter>Source\Engine\Input</Filter>
    </ClInclude>
    <ClInclude Include="Source\Engine.h">
      <Filter>Source\Engine</Filter>
    </ClInclude>
    <ClInclude Include="Source\EngineUtil.h">
      <Filter>Source\Util</Filter>
    </ClInclude>
    <ClInclude Include="Source\Time.h">
      <Filter>Source\Engine\Time</Filter>
    </ClInclude>
    <ClInclude Include="Source\FpsCounter.h">
      <Filter>Source\Util</Filter>
    </ClInclude>
    <ClInclude Include="Source\Renderer.h">
      <Filter>Source\Engine\Render</Filter>
    </ClInclude>
    <ClInclude Include="Source\MeshData.h">
      <Filter>Source\Resources\Mesh</Filter>
    </ClInclude>
    <ClInclude Include="Source\Resources.h">
      <Filter>Source\Resources\Manager</Filter>
    </ClInclude>
    <ClInclude Include="Source\Scenes.h">
      <Filter>Source\Scenes\Manager</Filter>
    </ClInclude>
    <ClInclude Include="Source\DiffuseMaterial.h">
      <Filter>Source\Resources\Materials</Filter>
    </ClInclude>
    <ClInclude Include="Source\Camera.h">
      <Filter>Source\Scenes\Nodes</Filter>
    </ClInclude>
    <ClInclude Include="Source\Node.h">
      <Filter>Source\Scenes\Nodes</Filter>
    </ClInclude>
    <ClInclude Include="Source\Light.h">
      <Filter>Source\Scenes\Nodes\Lights</Filter>
    </ClInclude>
    <ClInclude Include="Source\DirectionalLight.h">
      <Filter>Source\Scenes\Nodes\Lights</Filter>
    </ClInclude>
    <ClInclude Include="Source\Transform.h">
      <Filter>Source\Scenes\Components</Filter>
    </ClInclude>
    <ClInclude Include="Source\Shader.h">
      <Filter>Source\Resources</Filter>
    </ClInclude>
    <ClInclude Include="Source\Program.h">
      <Filter>Source\Resources</Filter>
    </ClInclude>
    <ClInclude Include="Source\Mesh.h">
      <Filter>Source\Resources\Mesh</Filter>
    </ClInclude>
    <ClInclude Include="Source\Material.h">
      <Filter>Source\Resources\Materials</Filter>
    </ClInclude>
    <ClInclude Include="Source\Scene.h">
      <Filter>Source\Scenes</Filter>
    </ClInclude>
    <ClInclude Include="Source\Component.h">
      <Filter>Source\Scenes\Components</Filter>
    </ClInclude>
    <ClInclude Include="Source\Resource.h">
      <Filter>Source\Resources</Filter>
    </ClInclude>
    <ClInclude Include="Source\ResourceContainer.h">
      <Filter>Source\Resources\Util</Filter>
    </ClInclude>
    <ClInclude Include="Source\Texture.h">
      <Filter>Source\Resources\Textures</Filter>
    </ClInclude>
    <ClInclude Include="Source\MaterialUtil.h">
      <Filter>Source\Resources\Util</Filter>
    </ClInclude>
    <ClInclude Include="Source\SpriteMaterial.h">
      <Filter>Source\Resources\Materials</Filter>
    </ClInclude>
    <ClInclude Include="Source\Sprite.h">
      <Filter>Source\Scenes\Nodes</Filter>
    </ClInclude>
    <ClInclude Include="Source\Object.h">
      <Filter>Source\Common</Filter>
    </ClInclude>
    <ClInclude Include="Source\Renderable.h">
      <Filter>Source\Scenes\Nodes</Filter>
    </ClInclude>
  </ItemGroup>
  <ItemGroup>
    <ClCompile Include="Source\Random.cpp">
      <Filter>Source\Common</Filter>
    </ClCompile>
    <ClCompile Include="Source\Flag.cpp">
      <Filter>Source\Common</Filter>
    </ClCompile>
    <ClCompile Include="Source\Console.cpp">
      <Filter>Source\Util</Filter>
    </ClCompile>
    <ClCompile Include="Source\Window.cpp">
      <Filter>Source\Engine\Window</Filter>
    </ClCompile>
    <ClCompile Include="Source\Graphics.cpp">
      <Filter>Source\Engine\Render</Filter>
    </ClCompile>
    <ClCompile Include="Source\Input.cpp">
      <Filter>Source\Engine\Input</Filter>
    </ClCompile>
    <ClCompile Include="Source\Engine.cpp">
      <Filter>Source\Engine</Filter>
    </ClCompile>
    <ClCompile Include="Source\Time.cpp">
      <Filter>Source\Engine\Time</Filter>
    </ClCompile>
    <ClCompile Include="Source\FpsCounter.cpp">
      <Filter>Source\Util</Filter>
    </ClCompile>
    <ClCompile Include="Source\Renderer.cpp">
      <Filter>Source\Engine\Render</Filter>
    </ClCompile>
    <ClCompile Include="Source\MeshData.cpp">
      <Filter>Source\Resources\Mesh</Filter>
    </ClCompile>
    <ClCompile Include="Source\Resources.cpp">
      <Filter>Source\Resources\Manager</Filter>
    </ClCompile>
    <ClCompile Include="Source\Scenes.cpp">
      <Filter>Source\Scenes\Manager</Filter>
    </ClCompile>
    <ClCompile Include="Source\DiffuseMaterial.cpp">
      <Filter>Source\Resources\Materials</Filter>
    </ClCompile>
    <ClCompile Include="Source\Camera.cpp">
      <Filter>Source\Scenes\Nodes</Filter>
    </ClCompile>
    <ClCompile Include="Source\Node.cpp">
      <Filter>Source\Scenes\Nodes</Filter>
    </ClCompile>
    <ClCompile Include="Source\Light.cpp">
      <Filter>Source\Scenes\Nodes\Lights</Filter>
    </ClCompile>
    <ClCompile Include="Source\DirectionalLight.cpp">
      <Filter>Source\Scenes\Nodes\Lights</Filter>
    </ClCompile>
    <ClCompile Include="Source\Transform.cpp">
      <Filter>Source\Scenes\Components</Filter>
    </ClCompile>
    <ClCompile Include="Source\Shader.cpp">
      <Filter>Source\Resources</Filter>
    </ClCompile>
    <ClCompile Include="Source\Program.cpp">
      <Filter>Source\Resources</Filter>
    </ClCompile>
    <ClCompile Include="Source\Mesh.cpp">
      <Filter>Source\Resources\Mesh</Filter>
    </ClCompile>
    <ClCompile Include="Source\Material.cpp">
      <Filter>Source\Resources\Materials</Filter>
    </ClCompile>
    <ClCompile Include="Source\Scene.cpp">
      <Filter>Source\Scenes</Filter>
    </ClCompile>
    <ClCompile Include="Source\Component.cpp">
      <Filter>Source\Scenes\Components</Filter>
    </ClCompile>
    <ClCompile Include="Source\Resource.cpp">
      <Filter>Source\Resources</Filter>
    </ClCompile>
    <ClCompile Include="Source\ResourceContainer.cpp">
      <Filter>Source\Resources\Util</Filter>
    </ClCompile>
    <ClCompile Include="Source\Texture.cpp">
      <Filter>Source\Resources\Textures</Filter>
    </ClCompile>
    <ClCompile Include="Source\SpriteMaterial.cpp">
      <Filter>Source\Resources\Materials</Filter>
    </ClCompile>
    <ClCompile Include="Source\Sprite.cpp">
      <Filter>Source\Scenes\Nodes</Filter>
    </ClCompile>
    <ClCompile Include="Source\Object.cpp">
      <Filter>Source\Common</Filter>
    </ClCompile>
    <ClCompile Include="Source\Renderable.cpp">
      <Filter>Source\Scenes\Nodes</Filter>
    </ClCompile>
  </ItemGroup>
</Project>