<?xml version="1.0" encoding="utf-8"?>
<Project ToolsVersion="4.0" xmlns="http://schemas.microsoft.com/developer/msbuild/2003">
  <ItemGroup>
    <Filter Include="Source">
      <UniqueIdentifier>{652c037a-52ba-4fef-9694-21625d19293c}</UniqueIdentifier>
    </Filter>
    <Filter Include="Source\Scenes">
      <UniqueIdentifier>{bceb9c1c-1559-4a6b-badc-73d032022d5d}</UniqueIdentifier>
    </Filter>
    <Filter Include="Source\Components">
      <UniqueIdentifier>{e1e30bba-a0cb-421b-98d7-f22d977fae28}</UniqueIdentifier>
    </Filter>
    <Filter Include="Source\Nodes">
      <UniqueIdentifier>{0f284b24-ea47-44a4-a48e-67189da1dfc3}</UniqueIdentifier>
    </Filter>
    <Filter Include="Source\Game">
      <UniqueIdentifier>{fa2aa6ed-8d97-4c65-87c2-ce2cd0462bba}</UniqueIdentifier>
    </Filter>
  </ItemGroup>
  <ItemGroup>
    <ClCompile Include="Source\Main.cpp">
      <Filter>Source</Filter>
    </ClCompile>
    <ClCompile Include="Source\CubesScene.cpp">
      <Filter>Source\Scenes</Filter>
    </ClCompile>
    <ClCompile Include="Source\SpheresScene.cpp">
      <Filter>Source\Scenes</Filter>
    </ClCompile>
    <ClCompile Include="Source\SimpleScene.cpp">
      <Filter>Source\Scenes</Filter>
    </ClCompile>
    <ClCompile Include="Source\GameScene.cpp">
      <Filter>Source\Scenes</Filter>
    </ClCompile>
    <ClCompile Include="Source\TilesMap.cpp">
      <Filter>Source\Game</Filter>
    </ClCompile>
  </ItemGroup>
  <ItemGroup>
    <ClInclude Include="Source\CubesScene.h">
      <Filter>Source\Scenes</Filter>
    </ClInclude>
    <ClInclude Include="Source\SpheresScene.h">
      <Filter>Source\Scenes</Filter>
    </ClInclude>
    <ClInclude Include="Source\SimpleScene.h">
      <Filter>Source\Scenes</Filter>
    </ClInclude>
    <ClInclude Include="Source\GameScene.h">
      <Filter>Source\Scenes</Filter>
    </ClInclude>
    <ClInclude Include="Source\TilesMap.h">
      <Filter>Source\Game</Filter>
    </ClInclude>
  </ItemGroup>
</Project>